
Microsoft Visual Studio Solution File, Format Version 12.00
# Visual Studio Version 16
VisualStudioVersion = 16.0.29806.167
MinimumVisualStudioVersion = 10.0.40219.1
Project("{9A19103F-16F7-4668-BE54-9A1E7A4F7556}") = "SimpleChatClient", "..\..\lecture_notes\SimpleChatClientAndServer\SimpleChatClient\SimpleChatClient.csproj", "{821AB81F-DAF7-4164-A2E5-B1596F8AAB30}"
EndProject
Project("{9A19103F-16F7-4668-BE54-9A1E7A4F7556}") = "SimpleChatServer", "..\..\lecture_notes\SimpleChatClientAndServer\SimpleChatServer\SimpleChatServer.csproj", "{75B524DB-DB45-482C-8AB7-340E2F7A52B6}"
EndProject
Global
	GlobalSection(SolutionConfigurationPlatforms) = preSolution
		Debug|Any CPU = Debug|Any CPU
		Release|Any CPU = Release|Any CPU
	EndGlobalSection
	GlobalSection(ProjectConfigurationPlatforms) = postSolution
		{821AB81F-DAF7-4164-A2E5-B1596F8AAB30}.Debug|Any CPU.ActiveCfg = Debug|Any CPU
		{821AB81F-DAF7-4164-A2E5-B1596F8AAB30}.Debug|Any CPU.Build.0 = Debug|Any CPU
		{821AB81F-DAF7-4164-A2E5-B1596F8AAB30}.Release|Any CPU.ActiveCfg = Release|Any CPU
		{821AB81F-DAF7-4164-A2E5-B1596F8AAB30}.Release|Any CPU.Build.0 = Release|Any CPU
		{75B524DB-DB45-482C-8AB7-340E2F7A52B6}.Debug|Any CPU.ActiveCfg = Debug|Any CPU
		{75B524DB-DB45-482C-8AB7-340E2F7A52B6}.Debug|Any CPU.Build.0 = Debug|Any CPU
		{75B524DB-DB45-482C-8AB7-340E2F7A52B6}.Release|Any CPU.ActiveCfg = Release|Any CPU
		{75B524DB-DB45-482C-8AB7-340E2F7A52B6}.Release|Any CPU.Build.0 = Release|Any CPU
	EndGlobalSection
	GlobalSection(SolutionProperties) = preSolution
		HideSolutionNode = FALSE
	EndGlobalSection
	GlobalSection(ExtensibilityGlobals) = postSolution
		SolutionGuid = {C68FE7A0-0E1C-4B44-A88E-ACF584724981}
	EndGlobalSection
EndGlobal
